# sha256 of every weight file, recorded on first fetch. Edit only via --record.
aasist:
  AASIST.pth: 51d2d9cf0738172f61e2a384ec50a54a55363240f67c971ed55a92435bc1a1c0
gend:
  clip-vit-large-patch14/config.json: 8a09b467700c58138c29d53c605b34ebc69beaadd13274a8a2af8ad2c2f4032a
  clip-vit-large-patch14/merges.txt: 9fd691f7c8039210e0fced15865466c65820d09b63988b0174bfe25de299051a
  clip-vit-large-patch14/model.safetensors: a2bf730a0c7debf160f7a6b50b3aaf3703e7e88ac73de7a314903141db026dcb
  clip-vit-large-patch14/preprocessor_config.json: 910e70b3956ac9879ebc90b22fb3bc8a75b6a0677814500101a4c072bd7857bd
  clip-vit-large-patch14/special_tokens_map.json: f8c0d6c39aee3f8431078ef6646567b0aba7f2246e9c54b8b99d55c22b707cbf
  clip-vit-large-patch14/tokenizer.json: a83e0809aa4c3af7208b2df632a7a69668c6d48775b3c3fe4e1b1199d1f8b8f4
  clip-vit-large-patch14/tokenizer_config.json: deef455e52fa5e8151e339add0582e4235f066009601360999d3a9cda83b1129
  clip-vit-large-patch14/vocab.json: 3f0c4f7d2086b61b38487075278ea9ed04edb53a03cbb045b86c27190fa8fb69
  config.json: 7f2761e13678191774a152121f1630d19baa33a74216dd264d54445d96b16229
  model.safetensors: d76f0bdfd74a29fe1b1c1b84a80ac92486993e426878e8c7a3944281fbb96833
scrfd_10g:
  det_10g.onnx: 5838f7fe053675b1c7a08b633df49e7af5495cee0493c7dcf6697200b85b5b91
