# sha256 of every weight file, recorded on first fetch. Edit only via --record.
aasist:
  AASIST.pth: 51d2d9cf0738172f61e2a384ec50a54a55363240f67c971ed55a92435bc1a1c0
aasist3:
  aasist3.safetensors: a06d43d8d4a7e11b62fb4fa833f13a598fee23be7c368c416df4bec2e44e664f
  aasist3_config.json: 0bd97c713c1d4b1f2a9be60cc0eb7183f49789f8af95fa8319b3113e6392ba81
  xlsr-53-config/config.json: 48576e4a1b0f02c7770f57e236747169459db9a8b9a529bbd7a58bbbf52c45b5
aasist_l:
  AASIST-L.pth: 814331d088032bb4c3fa61cc014789eadeed464209dd094ab3a2dd6ffbdce27a
antideepfake_mms_300m:
  mms-300m-anti-deepfake.safetensors: 9bd5d9785bf72f91dfca8508651354946c4b307921cb358505e1b94035102224
antideepfake_w2v_small:
  wav2vec-small-anti-deepfake.safetensors: 828ee456122f86d5d631cb7895a10e5c62c78a4fcb8a8b1c42cb5838a9abcfe0
df_arena_1b:
  pytorch_model.bin: 780bc14fd4c15e65d58efdef728427cf03cd29cd60be528e97badf8c89087988
  xls-r-1b-config/config.json: 36668778db09d5c64090b62d6afb66ba63057304fe456a45388066ff7dabb997
df_arena_500m:
  pytorch_model.bin: ebd7662047f3b33a6a0fcb9d205bbdcea07220bf42853ae57c6cf4d8e40f66a2
  xls-r-300m-config/config.json: 0bffa0d0e98153e883b828d86491f3c6062cb563dc9d7a9cfd1790da30c286ac
efficientnet_b4:
  effnb4_best.pth: 74cbd82d7be1bf5e6adec717824274a95b4509b02e1e78401608d32b3cbeaf0f
f3net:
  f3net_best.pth: deee7d25bfc1b8b5ba83054a664880078de51213b1067f1e472c2bed7cc667f9
gend:
  clip-vit-large-patch14/config.json: 8a09b467700c58138c29d53c605b34ebc69beaadd13274a8a2af8ad2c2f4032a
  clip-vit-large-patch14/merges.txt: 9fd691f7c8039210e0fced15865466c65820d09b63988b0174bfe25de299051a
  clip-vit-large-patch14/model.safetensors: a2bf730a0c7debf160f7a6b50b3aaf3703e7e88ac73de7a314903141db026dcb
  clip-vit-large-patch14/preprocessor_config.json: 910e70b3956ac9879ebc90b22fb3bc8a75b6a0677814500101a4c072bd7857bd
  clip-vit-large-patch14/special_tokens_map.json: f8c0d6c39aee3f8431078ef6646567b0aba7f2246e9c54b8b99d55c22b707cbf
  clip-vit-large-patch14/tokenizer.json: a83e0809aa4c3af7208b2df632a7a69668c6d48775b3c3fe4e1b1199d1f8b8f4
  clip-vit-large-patch14/tokenizer_config.json: deef455e52fa5e8151e339add0582e4235f066009601360999d3a9cda83b1129
  clip-vit-large-patch14/vocab.json: 3f0c4f7d2086b61b38487075278ea9ed04edb53a03cbb045b86c27190fa8fb69
  config.json: 7f2761e13678191774a152121f1630d19baa33a74216dd264d54445d96b16229
  model.safetensors: d76f0bdfd74a29fe1b1c1b84a80ac92486993e426878e8c7a3944281fbb96833
sbi:
  FFc23.tar: 2b05c2ba36ccb9e9f4f9e1aae9acd443ae2e6400ce725f56104fdb175d3c3267
  FFraw.tar: e477fc1789f8c1d2147cffe86a47eb37a24adedae10b106b7d47c1eeb73777e2
scrfd_10g:
  det_10g.onnx: 5838f7fe053675b1c7a08b633df49e7af5495cee0493c7dcf6697200b85b5b91
spsl:
  spsl_best.pth: 7305d660c68aa6ac138f8d59c068832a43244f390fa6e54355f211d81bc246bd
ucf:
  ucf_best.pth: 4afa2517feeb473024e1b73049bfa61ce446eb4da14d17c864f2e2a76b3223e5
xception:
  xception_best.pth: dd61186f9ac8e99aae85982cae338b555dfaeef042f6b699e5a55cae3998ba47
xlsr_aasist:
  LA_model.pth: bd6f36097259fe54e7004eb983651e5304d807be81156dbd04faccb70d91e10c
  xls-r-300m-config/config.json: 0bffa0d0e98153e883b828d86491f3c6062cb563dc9d7a9cfd1790da30c286ac
xlsr_sls:
  MMpaper_model.pth: 0d315184aa8e6f017ea72c4d2458c11bae8f07fd743fe860a3aa932e36135fa6
  xls-r-300m-config/config.json: 0bffa0d0e98153e883b828d86491f3c6062cb563dc9d7a9cfd1790da30c286ac
